
Microsoft Visual Studio Solution File, Format Version 12.00
# Visual Studio Version 17
VisualStudioVersion = 17.14.36414.22 d17.14
MinimumVisualStudioVersion = 10.0.40219.1
Project("{FAE04EC0-301F-11D3-BF4B-00C04F79EFBC}") = "WpfApp1", "WpfApp1\WpfApp1.csproj", "{02D65AAA-AEF5-43E2-8699-15A5B423306A}"
EndProject
Global
	GlobalSection(SolutionConfigurationPlatforms) = preSolution
		Debug|Any CPU = Debug|Any CPU
		Release|Any CPU = Release|Any CPU
	EndGlobalSection
	GlobalSection(ProjectConfigurationPlatforms) = postSolution
		{02D65AAA-AEF5-43E2-8699-15A5B423306A}.Debug|Any CPU.ActiveCfg = Debug|Any CPU
		{02D65AAA-AEF5-43E2-8699-15A5B423306A}.Debug|Any CPU.Build.0 = Debug|Any CPU
		{02D65AAA-AEF5-43E2-8699-15A5B423306A}.Release|Any CPU.ActiveCfg = Release|Any CPU
		{02D65AAA-AEF5-43E2-8699-15A5B423306A}.Release|Any CPU.Build.0 = Release|Any CPU
	EndGlobalSection
	GlobalSection(SolutionProperties) = preSolution
		HideSolutionNode = FALSE
	EndGlobalSection
	GlobalSection(ExtensibilityGlobals) = postSolution
		SolutionGuid = {4741B3E0-B647-423E-A003-9B7E6ACBD5C0}
	EndGlobalSection
EndGlobal
